
Microsoft Visual Studio Solution File, Format Version 12.00
# Visual Studio Version 16
VisualStudioVersion = 16.0.29613.14
MinimumVisualStudioVersion = 10.0.40219.1
Project("{FAE04EC0-301F-11D3-BF4B-00C04F79EFBC}") = "MediaHandler", "MediaHandler\MediaHandler.csproj", "{0D1E2F4A-C5BD-4E8E-81DD-DE192034799F}"
EndProject
Project("{2150E333-8FDC-42A3-9474-1A3956D46DE8}") = "Solution Items", "Solution Items", "{001D1945-D1CC-4AC3-BA63-3278B339DC24}"
	ProjectSection(SolutionItems) = preProject
		.editorconfig = .editorconfig
	EndProjectSection
EndProject
Global
	GlobalSection(SolutionConfigurationPlatforms) = preSolution
		Debug|Any CPU = Debug|Any CPU
		Release|Any CPU = Release|Any CPU
	EndGlobalSection
	GlobalSection(ProjectConfigurationPlatforms) = postSolution
		{0D1E2F4A-C5BD-4E8E-81DD-DE192034799F}.Debug|Any CPU.ActiveCfg = Debug|Any CPU
		{0D1E2F4A-C5BD-4E8E-81DD-DE192034799F}.Debug|Any CPU.Build.0 = Debug|Any CPU
		{0D1E2F4A-C5BD-4E8E-81DD-DE192034799F}.Release|Any CPU.ActiveCfg = Release|Any CPU
		{0D1E2F4A-C5BD-4E8E-81DD-DE192034799F}.Release|Any CPU.Build.0 = Release|Any CPU
	EndGlobalSection
	GlobalSection(SolutionProperties) = preSolution
		HideSolutionNode = FALSE
	EndGlobalSection
	GlobalSection(ExtensibilityGlobals) = postSolution
		SolutionGuid = {7A28CD0D-3BB5-4ECA-8499-B83AA8B05D2A}
	EndGlobalSection
EndGlobal
